# THIS IS AN AUTOGENERATED FILE. DO NOT EDIT THIS FILE DIRECTLY.
# yarn lockfile v1


"@gomah/multipassify@^1.0.2":
  version "1.0.2"
  resolved "https://registry.yarnpkg.com/@gomah/multipassify/-/multipassify-1.0.2.tgz#2e9d331e86183caf0d5bd4209039ff2014686766"
  integrity sha512-SlVpNX8dqklJ1IeDfbun9+rD1KswcIfBqA15yLaYlR6HzjyK++gZ06JaFNHwCzPIVfR3b/J7FI7WK7yFl0Y0XA==
